
Microsoft Visual Studio Solution File, Format Version 12.00
# Visual Studio 14
VisualStudioVersion = 14.0.25123.0
MinimumVisualStudioVersion = 10.0.40219.1
Project("{FAE04EC0-301F-11D3-BF4B-00C04F79EFBC}") = "ShellPreviewHandlerz", "ShellPreviewHandlerz\ShellPreviewHandlerz.csproj", "{EDA57BBC-2A4B-466E-A0A2-4F248703C62A}"
EndProject
Global
	GlobalSection(SolutionConfigurationPlatforms) = preSolution
		CI|Any CPU = CI|Any CPU
		Debug|Any CPU = Debug|Any CPU
		Release|Any CPU = Release|Any CPU
	EndGlobalSection
	GlobalSection(ProjectConfigurationPlatforms) = postSolution
		{EDA57BBC-2A4B-466E-A0A2-4F248703C62A}.CI|Any CPU.ActiveCfg = CI|Any CPU
		{EDA57BBC-2A4B-466E-A0A2-4F248703C62A}.CI|Any CPU.Build.0 = CI|Any CPU
		{EDA57BBC-2A4B-466E-A0A2-4F248703C62A}.Debug|Any CPU.ActiveCfg = Debug|Any CPU
		{EDA57BBC-2A4B-466E-A0A2-4F248703C62A}.Debug|Any CPU.Build.0 = Debug|Any CPU
		{EDA57BBC-2A4B-466E-A0A2-4F248703C62A}.Release|Any CPU.ActiveCfg = Release|Any CPU
		{EDA57BBC-2A4B-466E-A0A2-4F248703C62A}.Release|Any CPU.Build.0 = Release|Any CPU
	EndGlobalSection
	GlobalSection(SolutionProperties) = preSolution
		HideSolutionNode = FALSE
	EndGlobalSection
EndGlobal
